// !$*UTF8*$!
{
	archiveVersion = 1;
	classes = {
	};
	objectVersion = 46;
	objects = {

/* Begin PBXBuildFile section */
		7EE06D121E60235100E7DDC2 /* main.m in Sources */ = {isa = PBXBuildFile; fileRef = 7EE06D111E60235100E7DDC2 /* main.m */; };
		7EE06D151E60235100E7DDC2 /* AppDelegate.m in Sources */ = {isa = PBXBuildFile; fileRef = 7EE06D141E60235100E7DDC2 /* AppDelegate.m */; };
		7EE06D181E60235100E7DDC2 /* ViewController.m in Sources */ = {isa = PBXBuildFile; fileRef = 7EE06D171E60235100E7DDC2 /* ViewController.m */; };
		7EE06D1B1E60235100E7DDC2 /* Main.storyboard in Resources */ = {isa = PBXBuildFile; fileRef = 7EE06D191E60235100E7DDC2 /* Main.storyboard */; };
		7EE06D1D1E60235100E7DDC2 /* Assets.xcassets in Resources */ = {isa = PBXBuildFile; fileRef = 7EE06D1C1E60235100E7DDC2 /* Assets.xcassets */; };
		7EE06D201E60235100E7DDC2 /* LaunchScreen.storyboard in Resources */ = {isa = PBXBuildFile; fileRef = 7EE06D1E1E60235100E7DDC2 /* LaunchScreen.storyboard */; };
		7EE06D2B1E60235100E7DDC2 /* runTimeTestTests.m in Sources */ = {isa = PBXBuildFile; fileRef = 7EE06D2A1E60235100E7DDC2 /* runTimeTestTests.m */; };
		7EE06D361E60235100E7DDC2 /* runTimeTestUITests.m in Sources */ = {isa = PBXBuildFile; fileRef = 7EE06D351E60235100E7DDC2 /* runTimeTestUITests.m */; };
		7EE06D481E602A6600E7DDC2 /* UIFont+YYdd.m in Sources */ = {isa = PBXBuildFile; fileRef = 7EE06D471E602A6600E7DDC2 /* UIFont+YYdd.m */; };
		7EE06D4B1E60410400E7DDC2 /* UILabel+YYdd.m in Sources */ = {isa = PBXBuildFile; fileRef = 7EE06D4A1E60410400E7DDC2 /* UILabel+YYdd.m */; };
/* End PBXBuildFile section */

/* Begin PBXContainerItemProxy section */
		7EE06D271E60235100E7DDC2 /* PBXContainerItemProxy */ = {
			isa = PBXContainerItemProxy;
			containerPortal = 7EE06D051E60235100E7DDC2 /* Project object */;
			proxyType = 1;
			remoteGlobalIDString = 7EE06D0C1E60235100E7DDC2;
			remoteInfo = runTimeTest;
		};
		7EE06D321E60235100E7DDC2 /* PBXContainerItemProxy */ = {
			isa = PBXContainerItemProxy;
			containerPortal = 7EE06D051E60235100E7DDC2 /* Project object */;
			proxyType = 1;
			remoteGlobalIDString = 7EE06D0C1E60235100E7DDC2;
			remoteInfo = runTimeTest;
		};
/* End PBXContainerItemProxy section */

/* Begin PBXFileReference section */
		7EE06D0D1E60235100E7DDC2 /* runTimeTest.app */ = {isa = PBXFileReference; explicitFileType = wrapper.application; includeInIndex = 0; path = runTimeTest.app; sourceTree = BUILT_PRODUCTS_DIR; };
		7EE06D111E60235100E7DDC2 /* main.m */ = {isa = PBXFileReference; lastKnownFileType = sourcecode.c.objc; path = main.m; sourceTree = "<group>"; };
		7EE06D131E60235100E7DDC2 /* AppDelegate.h */ = {isa = PBXFileReference; lastKnownFileType = sourcecode.c.h; path = AppDelegate.h; sourceTree = "<group>"; };
		7EE06D141E60235100E7DDC2 /* AppDelegate.m */ = {isa = PBXFileReference; lastKnownFileType = sourcecode.c.objc; path = AppDelegate.m; sourceTree = "<group>"; };
		7EE06D161E60235100E7DDC2 /* ViewController.h */ = {isa = PBXFileReference; lastKnownFileType = sourcecode.c.h; path = ViewController.h; sourceTree = "<group>"; };
		7EE06D171E60235100E7DDC2 /* ViewController.m */ = {isa = PBXFileReference; lastKnownFileType = sourcecode.c.objc; path = ViewController.m; sourceTree = "<group>"; };
		7EE06D1A1E60235100E7DDC2 /* Base */ = {isa = PBXFileReference; lastKnownFileType = file.storyboard; name = Base; path = Base.lproj/Main.storyboard; sourceTree = "<group>"; };
		7EE06D1C1E60235100E7DDC2 /* Assets.xcassets */ = {isa = PBXFileReference; lastKnownFileType = folder.assetcatalog; path = Assets.xcassets; sourceTree = "<group>"; };
		7EE06D1F1E60235100E7DDC2 /* Base */ = {isa = PBXFileReference; lastKnownFileType = file.storyboard; name = Base; path = Base.lproj/LaunchScreen.storyboard; sourceTree = "<group>"; };
		7EE06D211E60235100E7DDC2 /* Info.plist */ = {isa = PBXFileReference; lastKnownFileType = text.plist.xml; path = Info.plist; sourceTree = "<group>"; };
		7EE06D261E60235100E7DDC2 /* runTimeTestTests.xctest */ = {isa = PBXFileReference; explicitFileType = wrapper.cfbundle; includeInIndex = 0; path = runTimeTestTests.xctest; sourceTree = BUILT_PRODUCTS_DIR; };
		7EE06D2A1E60235100E7DDC2 /* runTimeTestTests.m */ = {isa = PBXFileReference; lastKnownFileType = sourcecode.c.objc; path = runTimeTestTests.m; sourceTree = "<group>"; };
		7EE06D2C1E60235100E7DDC2 /* Info.plist */ = {isa = PBXFileReference; lastKnownFileType = text.plist.xml; path = Info.plist; sourceTree = "<group>"; };
		7EE06D311E60235100E7DDC2 /* runTimeTestUITests.xctest */ = {isa = PBXFileReference; explicitFileType = wrapper.cfbundle; includeInIndex = 0; path = runTimeTestUITests.xctest; sourceTree = BUILT_PRODUCTS_DIR; };
		7EE06D351E60235100E7DDC2 /* runTimeTestUITests.m */ = {isa = PBXFileReference; lastKnownFileType = sourcecode.c.objc; path = runTimeTestUITests.m; sourceTree = "<group>"; };
		7EE06D371E60235100E7DDC2 /* Info.plist */ = {isa = PBXFileReference; lastKnownFileType = text.plist.xml; path = Info.plist; sourceTree = "<group>"; };
		7EE06D461E602A6600E7DDC2 /* UIFont+YYdd.h */ = {isa = PBXFileReference; fileEncoding = 4; lastKnownFileType = sourcecode.c.h; path = "UIFont+YYdd.h"; sourceTree = "<group>"; };
		7EE06D471E602A6600E7DDC2 /* UIFont+YYdd.m */ = {isa = PBXFileReference; fileEncoding = 4; lastKnownFileType = sourcecode.c.objc; path = "UIFont+YYdd.m"; sourceTree = "<group>"; };
		7EE06D491E60410400E7DDC2 /* UILabel+YYdd.h */ = {isa = PBXFileReference; fileEncoding = 4; lastKnownFileType = sourcecode.c.h; path = "UILabel+YYdd.h"; sourceTree = "<group>"; };
		7EE06D4A1E60410400E7DDC2 /* UILabel+YYdd.m */ = {isa = PBXFileReference; fileEncoding = 4; lastKnownFileType = sourcecode.c.objc; path = "UILabel+YYdd.m"; sourceTree = "<group>"; };
/* End PBXFileReference section */

/* Begin PBXFrameworksBuildPhase section */
		7EE06D0A1E60235100E7DDC2 /* Frameworks */ = {
			isa = PBXFrameworksBuildPhase;
			buildActionMask = 2147483647;
			files = (
			);
			runOnlyForDeploymentPostprocessing = 0;
		};
		7EE06D231E60235100E7DDC2 /* Frameworks */ = {
			isa = PBXFrameworksBuildPhase;
			buildActionMask = 2147483647;
			files = (
			);
			runOnlyForDeploymentPostprocessing = 0;
		};
		7EE06D2E1E60235100E7DDC2 /* Frameworks */ = {
			isa = PBXFrameworksBuildPhase;
			buildActionMask = 2147483647;
			files = (
			);
			runOnlyForDeploymentPostprocessing = 0;
		};
/* End PBXFrameworksBuildPhase section */

/* Begin PBXGroup section */
		7EE06D041E60235100E7DDC2 = {
			isa = PBXGroup;
			children = (
				7EE06D0F1E60235100E7DDC2 /* runTimeTest */,
				7EE06D291E60235100E7DDC2 /* runTimeTestTests */,
				7EE06D341E60235100E7DDC2 /* runTimeTestUITests */,
				7EE06D0E1E60235100E7DDC2 /* Products */,
			);
			sourceTree = "<group>";
		};
		7EE06D0E1E60235100E7DDC2 /* Products */ = {
			isa = PBXGroup;
			children = (
				7EE06D0D1E60235100E7DDC2 /* runTimeTest.app */,
				7EE06D261E60235100E7DDC2 /* runTimeTestTests.xctest */,
				7EE06D311E60235100E7DDC2 /* runTimeTestUITests.xctest */,
			);
			name = Products;
			sourceTree = "<group>";
		};
		7EE06D0F1E60235100E7DDC2 /* runTimeTest */ = {
			isa = PBXGroup;
			children = (
				7EE06D131E60235100E7DDC2 /* AppDelegate.h */,
				7EE06D141E60235100E7DDC2 /* AppDelegate.m */,
				7EE06D161E60235100E7DDC2 /* ViewController.h */,
				7EE06D171E60235100E7DDC2 /* ViewController.m */,
				7EE06D191E60235100E7DDC2 /* Main.storyboard */,
				7EE06D1C1E60235100E7DDC2 /* Assets.xcassets */,
				7EE06D1E1E60235100E7DDC2 /* LaunchScreen.storyboard */,
				7EE06D211E60235100E7DDC2 /* Info.plist */,
				7EE06D101E60235100E7DDC2 /* Supporting Files */,
				7EE06D461E602A6600E7DDC2 /* UIFont+YYdd.h */,
				7EE06D471E602A6600E7DDC2 /* UIFont+YYdd.m */,
				7EE06D491E60410400E7DDC2 /* UILabel+YYdd.h */,
				7EE06D4A1E60410400E7DDC2 /* UILabel+YYdd.m */,
			);
			path = runTimeTest;
			sourceTree = "<group>";
		};
		7EE06D101E60235100E7DDC2 /* Supporting Files */ = {
			isa = PBXGroup;
			children = (
				7EE06D111E60235100E7DDC2 /* main.m */,
			);
			name = "Supporting Files";
			sourceTree = "<group>";
		};
		7EE06D291E60235100E7DDC2 /* runTimeTestTests */ = {
			isa = PBXGroup;
			children = (
				7EE06D2A1E60235100E7DDC2 /* runTimeTestTests.m */,
				7EE06D2C1E60235100E7DDC2 /* Info.plist */,
			);
			path = runTimeTestTests;
			sourceTree = "<group>";
		};
		7EE06D341E60235100E7DDC2 /* runTimeTestUITests */ = {
			isa = PBXGroup;
			children = (
				7EE06D351E60235100E7DDC2 /* runTimeTestUITests.m */,
				7EE06D371E60235100E7DDC2 /* Info.plist */,
			);
			path = runTimeTestUITests;
			sourceTree = "<group>";
		};
/* End PBXGroup section */

/* Begin PBXNativeTarget section */
		7EE06D0C1E60235100E7DDC2 /* runTimeTest */ = {
			isa = PBXNativeTarget;
			buildConfigurationList = 7EE06D3A1E60235100E7DDC2 /* Build configuration list for PBXNativeTarget "runTimeTest" */;
			buildPhases = (
				7EE06D091E60235100E7DDC2 /* Sources */,
				7EE06D0A1E60235100E7DDC2 /* Frameworks */,
				7EE06D0B1E60235100E7DDC2 /* Resources */,
			);
			buildRules = (
			);
			dependencies = (
			);
			name = runTimeTest;
			productName = runTimeTest;
			productReference = 7EE06D0D1E60235100E7DDC2 /* runTimeTest.app */;
			productType = "com.apple.product-type.application";
		};
		7EE06D251E60235100E7DDC2 /* runTimeTestTests */ = {
			isa = PBXNativeTarget;
			buildConfigurationList = 7EE06D3D1E60235100E7DDC2 /* Build configuration list for PBXNativeTarget "runTimeTestTests" */;
			buildPhases = (
				7EE06D221E60235100E7DDC2 /* Sources */,
				7EE06D231E60235100E7DDC2 /* Frameworks */,
				7EE06D241E60235100E7DDC2 /* Resources */,
			);
			buildRules = (
			);
			dependencies = (
				7EE06D281E60235100E7DDC2 /* PBXTargetDependency */,
			);
			name = runTimeTestTests;
			productName = runTimeTestTests;
			productReference = 7EE06D261E60235100E7DDC2 /* runTimeTestTests.xctest */;
			productType = "com.apple.product-type.bundle.unit-test";
		};
		7EE06D301E60235100E7DDC2 /* runTimeTestUITests */ = {
			isa = PBXNativeTarget;
			buildConfigurationList = 7EE06D401E60235100E7DDC2 /* Build configuration list for PBXNativeTarget "runTimeTestUITests" */;
			buildPhases = (
				7EE06D2D1E60235100E7DDC2 /* Sources */,
				7EE06D2E1E60235100E7DDC2 /* Frameworks */,
				7EE06D2F1E60235100E7DDC2 /* Resources */,
			);
			buildRules = (
			);
			dependencies = (
				7EE06D331E60235100E7DDC2 /* PBXTargetDependency */,
			);
			name = runTimeTestUITests;
			productName = runTimeTestUITests;
			productReference = 7EE06D311E60235100E7DDC2 /* runTimeTestUITests.xctest */;
			productType = "com.apple.product-type.bundle.ui-testing";
		};
/* End PBXNativeTarget section */

/* Begin PBXProject section */
		7EE06D051E60235100E7DDC2 /* Project object */ = {
			isa = PBXProject;
			attributes = {
				LastUpgradeCheck = 0810;
				ORGANIZATIONNAME = yshow;
				TargetAttributes = {
					7EE06D0C1E60235100E7DDC2 = {
						CreatedOnToolsVersion = 8.1;
						ProvisioningStyle = Automatic;
					};
					7EE06D251E60235100E7DDC2 = {
						CreatedOnToolsVersion = 8.1;
						ProvisioningStyle = Automatic;
						TestTargetID = 7EE06D0C1E60235100E7DDC2;
					};
					7EE06D301E60235100E7DDC2 = {
						CreatedOnToolsVersion = 8.1;
						ProvisioningStyle = Automatic;
						TestTargetID = 7EE06D0C1E60235100E7DDC2;
					};
				};
			};
			buildConfigurationList = 7EE06D081E60235100E7DDC2 /* Build configuration list for PBXProject "runTimeTest" */;
			compatibilityVersion = "Xcode 3.2";
			developmentRegion = English;
			hasScannedForEncodings = 0;
			knownRegions = (
				en,
				Base,
			);
			mainGroup = 7EE06D041E60235100E7DDC2;
			productRefGroup = 7EE06D0E1E60235100E7DDC2 /* Products */;
			projectDirPath = "";
			projectRoot = "";
			targets = (
				7EE06D0C1E60235100E7DDC2 /* runTimeTest */,
				7EE06D251E60235100E7DDC2 /* runTimeTestTests */,
				7EE06D301E60235100E7DDC2 /* runTimeTestUITests */,
			);
		};
/* End PBXProject section */

/* Begin PBXResourcesBuildPhase section */
		7EE06D0B1E60235100E7DDC2 /* Resources */ = {
			isa = PBXResourcesBuildPhase;
			buildActionMask = 2147483647;
			files = (
				7EE06D201E60235100E7DDC2 /* LaunchScreen.storyboard in Resources */,
				7EE06D1D1E60235100E7DDC2 /* Assets.xcassets in Resources */,
				7EE06D1B1E60235100E7DDC2 /* Main.storyboard in Resources */,
			);
			runOnlyForDeploymentPostprocessing = 0;
		};
		7EE06D241E60235100E7DDC2 /* Resources */ = {
			isa = PBXResourcesBuildPhase;
			buildActionMask = 2147483647;
			files = (
			);
			runOnlyForDeploymentPostprocessing = 0;
		};
		7EE06D2F1E60235100E7DDC2 /* Resources */ = {
			isa = PBXResourcesBuildPhase;
			buildActionMask = 2147483647;
			files = (
			);
			runOnlyForDeploymentPostprocessing = 0;
		};
/* End PBXResourcesBuildPhase section */

/* Begin PBXSourcesBuildPhase section */
		7EE06D091E60235100E7DDC2 /* Sources */ = {
			isa = PBXSourcesBuildPhase;
			buildActionMask = 2147483647;
			files = (
				7EE06D181E60235100E7DDC2 /* ViewController.m in Sources */,
				7EE06D151E60235100E7DDC2 /* AppDelegate.m in Sources */,
				7EE06D4B1E60410400E7DDC2 /* UILabel+YYdd.m in Sources */,
				7EE06D481E602A6600E7DDC2 /* UIFont+YYdd.m in Sources */,
				7EE06D121E60235100E7DDC2 /* main.m in Sources */,
			);
			runOnlyForDeploymentPostprocessing = 0;
		};
		7EE06D221E60235100E7DDC2 /* Sources */ = {
			isa = PBXSourcesBuildPhase;
			buildActionMask = 2147483647;
			files = (
				7EE06D2B1E60235100E7DDC2 /* runTimeTestTests.m in Sources */,
			);
			runOnlyForDeploymentPostprocessing = 0;
		};
		7EE06D2D1E60235100E7DDC2 /* Sources */ = {
			isa = PBXSourcesBuildPhase;
			buildActionMask = 2147483647;
			files = (
				7EE06D361E60235100E7DDC2 /* runTimeTestUITests.m in Sources */,
			);
			runOnlyForDeploymentPostprocessing = 0;
		};
/* End PBXSourcesBuildPhase section */

/* Begin PBXTargetDependency section */
		7EE06D281E60235100E7DDC2 /* PBXTargetDependency */ = {
			isa = PBXTargetDependency;
			target = 7EE06D0C1E60235100E7DDC2 /* runTimeTest */;
			targetProxy = 7EE06D271E60235100E7DDC2 /* PBXContainerItemProxy */;
		};
		7EE06D331E60235100E7DDC2 /* PBXTargetDependency */ = {
			isa = PBXTargetDependency;
			target = 7EE06D0C1E60235100E7DDC2 /* runTimeTest */;
			targetProxy = 7EE06D321E60235100E7DDC2 /* PBXContainerItemProxy */;
		};
/* End PBXTargetDependency section */

/* Begin PBXVariantGroup section */
		7EE06D191E60235100E7DDC2 /* Main.storyboard */ = {
			isa = PBXVariantGroup;
			children = (
				7EE06D1A1E60235100E7DDC2 /* Base */,
			);
			name = Main.storyboard;
			sourceTree = "<group>";
		};
		7EE06D1E1E60235100E7DDC2 /* LaunchScreen.storyboard */ = {
			isa = PBXVariantGroup;
			children = (
				7EE06D1F1E60235100E7DDC2 /* Base */,
			);
			name = LaunchScreen.storyboard;
			sourceTree = "<group>";
		};
/* End PBXVariantGroup section */

/* Begin XCBuildConfiguration section */
		7EE06D381E60235100E7DDC2 /* Debug */ = {
			isa = XCBuildConfiguration;
			buildSettings = {
				ALWAYS_SEARCH_USER_PATHS = NO;
				CLANG_ANALYZER_NONNULL = YES;
				CLANG_CXX_LANGUAGE_STANDARD = "gnu++0x";
				CLANG_CXX_LIBRARY = "libc++";
				CLANG_ENABLE_MODULES = YES;
				CLANG_ENABLE_OBJC_ARC = YES;
				CLANG_WARN_BOOL_CONVERSION = YES;
				CLANG_WARN_CONSTANT_CONVERSION = YES;
				CLANG_WARN_DIRECT_OBJC_ISA_USAGE = YES_ERROR;
				CLANG_WARN_DOCUMENTATION_COMMENTS = YES;
				CLANG_WARN_EMPTY_BODY = YES;
				CLANG_WARN_ENUM_CONVERSION = YES;
				CLANG_WARN_INFINITE_RECURSION = YES;
				CLANG_WARN_INT_CONVERSION = YES;
				CLANG_WARN_OBJC_ROOT_CLASS = YES_ERROR;
				CLANG_WARN_SUSPICIOUS_MOVES = YES;
				CLANG_WARN_UNREACHABLE_CODE = YES;
				CLANG_WARN__DUPLICATE_METHOD_MATCH = YES;
				"CODE_SIGN_IDENTITY[sdk=iphoneos*]" = "iPhone Developer";
				COPY_PHASE_STRIP = NO;
				DEBUG_INFORMATION_FORMAT = dwarf;
				ENABLE_STRICT_OBJC_MSGSEND = YES;
				ENABLE_TESTABILITY = YES;
				GCC_C_LANGUAGE_STANDARD = gnu99;
				GCC_DYNAMIC_NO_PIC = NO;
				GCC_NO_COMMON_BLOCKS = YES;
				GCC_OPTIMIZATION_LEVEL = 0;
				GCC_PREPROCESSOR_DEFINITIONS = (
					"DEBUG=1",
					"$(inherited)",
				);
				GCC_WARN_64_TO_32_BIT_CONVERSION = YES;
				GCC_WARN_ABOUT_RETURN_TYPE = YES_ERROR;
				GCC_WARN_UNDECLARED_SELECTOR = YES;
				GCC_WARN_UNINITIALIZED_AUTOS = YES_AGGRESSIVE;
				GCC_WARN_UNUSED_FUNCTION = YES;
				GCC_WARN_UNUSED_VARIABLE = YES;
				IPHONEOS_DEPLOYMENT_TARGET = 10.1;
				MTL_ENABLE_DEBUG_INFO = YES;
				ONLY_ACTIVE_ARCH = YES;
				SDKROOT = iphoneos;
			};
			name = Debug;
		};
		7EE06D391E60235100E7DDC2 /* Release */ = {
			isa = XCBuildConfiguration;
			buildSettings = {
				ALWAYS_SEARCH_USER_PATHS = NO;
				CLANG_ANALYZER_NONNULL = YES;
				CLANG_CXX_LANGUAGE_STANDARD = "gnu++0x";
				CLANG_CXX_LIBRARY = "libc++";
				CLANG_ENABLE_MODULES = YES;
				CLANG_ENABLE_OBJC_ARC = YES;
				CLANG_WARN_BOOL_CONVERSION = YES;
				CLANG_WARN_CONSTANT_CONVERSION = YES;
				CLANG_WARN_DIRECT_OBJC_ISA_USAGE = YES_ERROR;
				CLANG_WARN_DOCUMENTATION_COMMENTS = YES;
				CLANG_WARN_EMPTY_BODY = YES;
				CLANG_WARN_ENUM_CONVERSION = YES;
				CLANG_WARN_INFINITE_RECURSION = YES;
				CLANG_WARN_INT_CONVERSION = YES;
				CLANG_WARN_OBJC_ROOT_CLASS = YES_ERROR;
				CLANG_WARN_SUSPICIOUS_MOVES = YES;
				CLANG_WARN_UNREACHABLE_CODE = YES;
				CLANG_WARN__DUPLICATE_METHOD_MATCH = YES;
				"CODE_SIGN_IDENTITY[sdk=iphoneos*]" = "iPhone Developer";
				COPY_PHASE_STRIP = NO;
				DEBUG_INFORMATION_FORMAT = "dwarf-with-dsym";
				ENABLE_NS_ASSERTIONS = NO;
				ENABLE_STRICT_OBJC_MSGSEND = YES;
				GCC_C_LANGUAGE_STANDARD = gnu99;
				GCC_NO_COMMON_BLOCKS = YES;
				GCC_WARN_64_TO_32_BIT_CONVERSION = YES;
				GCC_WARN_ABOUT_RETURN_TYPE = YES_ERROR;
				GCC_WARN_UNDECLARED_SELECTOR = YES;
				GCC_WARN_UNINITIALIZED_AUTOS = YES_AGGRESSIVE;
				GCC_WARN_UNUSED_FUNCTION = YES;
				GCC_WARN_UNUSED_VARIABLE = YES;
				IPHONEOS_DEPLOYMENT_TARGET = 10.1;
				MTL_ENABLE_DEBUG_INFO = NO;
				SDKROOT = iphoneos;
				VALIDATE_PRODUCT = YES;
			};
			name = Release;
		};
		7EE06D3B1E60235100E7DDC2 /* Debug */ = {
			isa = XCBuildConfiguration;
			buildSettings = {
				ASSETCATALOG_COMPILER_APPICON_NAME = AppIcon;
				INFOPLIST_FILE = runTimeTest/Info.plist;
				LD_RUNPATH_SEARCH_PATHS = "$(inherited) @executable_path/Frameworks";
				PRODUCT_BUNDLE_IDENTIFIER = "yshow.-ceshiSpriteKit.runTimeTest";
				PRODUCT_NAME = "$(TARGET_NAME)";
			};
			name = Debug;
		};
		7EE06D3C1E60235100E7DDC2 /* Release */ = {
			isa = XCBuildConfiguration;
			buildSettings = {
				ASSETCATALOG_COMPILER_APPICON_NAME = AppIcon;
				INFOPLIST_FILE = runTimeTest/Info.plist;
				LD_RUNPATH_SEARCH_PATHS = "$(inherited) @executable_path/Frameworks";
				PRODUCT_BUNDLE_IDENTIFIER = "yshow.-ceshiSpriteKit.runTimeTest";
				PRODUCT_NAME = "$(TARGET_NAME)";
			};
			name = Release;
		};
		7EE06D3E1E60235100E7DDC2 /* Debug */ = {
			isa = XCBuildConfiguration;
			buildSettings = {
				BUNDLE_LOADER = "$(TEST_HOST)";
				INFOPLIST_FILE = runTimeTestTests/Info.plist;
				LD_RUNPATH_SEARCH_PATHS = "$(inherited) @executable_path/Frameworks @loader_path/Frameworks";
				PRODUCT_BUNDLE_IDENTIFIER = "yshow.-ceshiSpriteKit.runTimeTestTests";
				PRODUCT_NAME = "$(TARGET_NAME)";
				TEST_HOST = "$(BUILT_PRODUCTS_DIR)/runTimeTest.app/runTimeTest";
			};
			name = Debug;
		};
		7EE06D3F1E60235100E7DDC2 /* Release */ = {
			isa = XCBuildConfiguration;
			buildSettings = {
				BUNDLE_LOADER = "$(TEST_HOST)";
				INFOPLIST_FILE = runTimeTestTests/Info.plist;
				LD_RUNPATH_SEARCH_PATHS = "$(inherited) @executable_path/Frameworks @loader_path/Frameworks";
				PRODUCT_BUNDLE_IDENTIFIER = "yshow.-ceshiSpriteKit.runTimeTestTests";
				PRODUCT_NAME = "$(TARGET_NAME)";
				TEST_HOST = "$(BUILT_PRODUCTS_DIR)/runTimeTest.app/runTimeTest";
			};
			name = Release;
		};
		7EE06D411E60235100E7DDC2 /* Debug */ = {
			isa = XCBuildConfiguration;
			buildSettings = {
				INFOPLIST_FILE = runTimeTestUITests/Info.plist;
				LD_RUNPATH_SEARCH_PATHS = "$(inherited) @executable_path/Frameworks @loader_path/Frameworks";
				PRODUCT_BUNDLE_IDENTIFIER = "yshow.-ceshiSpriteKit.runTimeTestUITests";
				PRODUCT_NAME = "$(TARGET_NAME)";
				TEST_TARGET_NAME = runTimeTest;
			};
			name = Debug;
		};
		7EE06D421E60235100E7DDC2 /* Release */ = {
			isa = XCBuildConfiguration;
			buildSettings = {
				INFOPLIST_FILE = runTimeTestUITests/Info.plist;
				LD_RUNPATH_SEARCH_PATHS = "$(inherited) @executable_path/Frameworks @loader_path/Frameworks";
				PRODUCT_BUNDLE_IDENTIFIER = "yshow.-ceshiSpriteKit.runTimeTestUITests";
				PRODUCT_NAME = "$(TARGET_NAME)";
				TEST_TARGET_NAME = runTimeTest;
			};
			name = Release;
		};
/* End XCBuildConfiguration section */

/* Begin XCConfigurationList section */
		7EE06D081E60235100E7DDC2 /* Build configuration list for PBXProject "runTimeTest" */ = {
			isa = XCConfigurationList;
			buildConfigurations = (
				7EE06D381E60235100E7DDC2 /* Debug */,
				7EE06D391E60235100E7DDC2 /* Release */,
			);
			defaultConfigurationIsVisible = 0;
			defaultConfigurationName = Release;
		};
		7EE06D3A1E60235100E7DDC2 /* Build configuration list for PBXNativeTarget "runTimeTest" */ = {
			isa = XCConfigurationList;
			buildConfigurations = (
				7EE06D3B1E60235100E7DDC2 /* Debug */,
				7EE06D3C1E60235100E7DDC2 /* Release */,
			);
			defaultConfigurationIsVisible = 0;
		};
		7EE06D3D1E60235100E7DDC2 /* Build configuration list for PBXNativeTarget "runTimeTestTests" */ = {
			isa = XCConfigurationList;
			buildConfigurations = (
				7EE06D3E1E60235100E7DDC2 /* Debug */,
				7EE06D3F1E60235100E7DDC2 /* Release */,
			);
			defaultConfigurationIsVisible = 0;
		};
		7EE06D401E60235100E7DDC2 /* Build configuration list for PBXNativeTarget "runTimeTestUITests" */ = {
			isa = XCConfigurationList;
			buildConfigurations = (
				7EE06D411E60235100E7DDC2 /* Debug */,
				7EE06D421E60235100E7DDC2 /* Release */,
			);
			defaultConfigurationIsVisible = 0;
		};
/* End XCConfigurationList section */
	};
	rootObject = 7EE06D051E60235100E7DDC2 /* Project object */;
}
